
Microsoft Visual Studio Solution File, Format Version 12.00
# Visual Studio Version 17
VisualStudioVersion = 17.10.35027.167
MinimumVisualStudioVersion = 10.0.40219.1
Project("{FAE04EC0-301F-11D3-BF4B-00C04F79EFBC}") = "Doctors_Web_Forum.Web", "Doctors_Web_Forum.Web\Doctors_Web_Forum.Web.csproj", "{1E7D76CC-BF6D-4B46-8C6D-2A4896F1D9DE}"
EndProject
Project("{FAE04EC0-301F-11D3-BF4B-00C04F79EFBC}") = "Doctors_Web_Forum.DAL", "Doctors_Web_Forum.DAL\Doctors_Web_Forum.DAL.csproj", "{24788E43-9D19-4AFC-9CCF-3B237D45D856}"
EndProject
Project("{FAE04EC0-301F-11D3-BF4B-00C04F79EFBC}") = "Doctors_Web_Forum.BLL", "Doctors_Web_Forum.BLL\Doctors_Web_Forum.BLL.csproj", "{03C1455A-95F8-4A4E-AA3F-9F2B95229583}"
EndProject
Global
	GlobalSection(SolutionConfigurationPlatforms) = preSolution
		Debug|Any CPU = Debug|Any CPU
		Release|Any CPU = Release|Any CPU
	EndGlobalSection
	GlobalSection(ProjectConfigurationPlatforms) = postSolution
		{1E7D76CC-BF6D-4B46-8C6D-2A4896F1D9DE}.Debug|Any CPU.ActiveCfg = Debug|Any CPU
		{1E7D76CC-BF6D-4B46-8C6D-2A4896F1D9DE}.Debug|Any CPU.Build.0 = Debug|Any CPU
		{1E7D76CC-BF6D-4B46-8C6D-2A4896F1D9DE}.Release|Any CPU.ActiveCfg = Release|Any CPU
		{1E7D76CC-BF6D-4B46-8C6D-2A4896F1D9DE}.Release|Any CPU.Build.0 = Release|Any CPU
		{24788E43-9D19-4AFC-9CCF-3B237D45D856}.Debug|Any CPU.ActiveCfg = Debug|Any CPU
		{24788E43-9D19-4AFC-9CCF-3B237D45D856}.Debug|Any CPU.Build.0 = Debug|Any CPU
		{24788E43-9D19-4AFC-9CCF-3B237D45D856}.Release|Any CPU.ActiveCfg = Release|Any CPU
		{24788E43-9D19-4AFC-9CCF-3B237D45D856}.Release|Any CPU.Build.0 = Release|Any CPU
		{03C1455A-95F8-4A4E-AA3F-9F2B95229583}.Debug|Any CPU.ActiveCfg = Debug|Any CPU
		{03C1455A-95F8-4A4E-AA3F-9F2B95229583}.Debug|Any CPU.Build.0 = Debug|Any CPU
		{03C1455A-95F8-4A4E-AA3F-9F2B95229583}.Release|Any CPU.ActiveCfg = Release|Any CPU
		{03C1455A-95F8-4A4E-AA3F-9F2B95229583}.Release|Any CPU.Build.0 = Release|Any CPU
	EndGlobalSection
	GlobalSection(SolutionProperties) = preSolution
		HideSolutionNode = FALSE
	EndGlobalSection
	GlobalSection(ExtensibilityGlobals) = postSolution
		SolutionGuid = {39638285-E46B-4486-9CEE-C31B35987A6B}
	EndGlobalSection
EndGlobal
